<?xml version="1.0" encoding="utf-8"?>
<Project ToolsVersion="17.0" xmlns="http://schemas.microsoft.com/developer/msbuild/2003">
  <ItemGroup>
    <ClCompile Include="C:\Dev\Refactor\SpriteEngineUI\Engine\Template\Source\Game.cpp">
      <Filter>Source Files</Filter>
    </ClCompile>
  </ItemGroup>
  <ItemGroup>
    <CustomBuild Include="C:\Dev\Refactor\SpriteEngineUI\Engine\Template\CMakeLists.txt" />
  </ItemGroup>
  <ItemGroup>
    <Filter Include="Source Files">
      <UniqueIdentifier>{DC2E8200-8BC3-3BC2-AC3E-56EC1955FF3C}</UniqueIdentifier>
    </Filter>
  </ItemGroup>
</Project>
