<?xml version="1.0" encoding="utf-8"?>
<Project ToolsVersion="4.0" xmlns="http://schemas.microsoft.com/developer/msbuild/2003">
  <ItemGroup>
    <Filter Include="Source Files">
      <UniqueIdentifier>{4FC737F1-C7A5-4376-A066-2A32D752A2FF}</UniqueIdentifier>
      <Extensions>cpp;c;cc;cxx;c++;cppm;ixx;def;odl;idl;hpj;bat;asm;asmx</Extensions>
    </Filter>
    <Filter Include="ImGui">
      <UniqueIdentifier>{6a3d8e24-8e44-47d3-9d55-58ebbf9fa6a1}</UniqueIdentifier>
    </Filter>
    <Filter Include="Resource Files">
      <UniqueIdentifier>{67DA6AB6-F800-4c08-8B7A-83BB121AAD01}</UniqueIdentifier>
      <Extensions>rc;ico;cur;bmp;dlg;rc2;rct;bin;rgs;gif;jpg;jpeg;jpe;resx;tiff;tif;png;wav;mfcribbon-ms</Extensions>
    </Filter>
    <Filter Include="Header Files">
      <UniqueIdentifier>{93995380-89BD-4b04-88EB-625FBE52EBFB}</UniqueIdentifier>
      <Extensions>h;hh;hpp;hxx;h++;hm;inl;inc;ipp;xsd</Extensions>
    </Filter>
    <Filter Include="ImGui\Header Files">
      <UniqueIdentifier>{5c78c5f1-6a31-43bb-8b92-f7d6c5a83d17}</UniqueIdentifier>
    </Filter>
    <Filter Include="ImGui\Source Files">
      <UniqueIdentifier>{2ec18db2-afd9-4d13-b409-246c7c3fb890}</UniqueIdentifier>
    </Filter>
    <Filter Include="Header Files\Precompiled">
      <UniqueIdentifier>{24916ea7-5e48-428d-a546-c55e58450db2}</UniqueIdentifier>
    </Filter>
    <Filter Include="Source Files\GameData">
      <UniqueIdentifier>{e30936b1-ee8f-4f5b-a689-88e3e62c9d29}</UniqueIdentifier>
    </Filter>
    <Filter Include="Assets">
      <UniqueIdentifier>{73620fab-321f-4681-b710-1ad5f3d8ad7f}</UniqueIdentifier>
    </Filter>
    <Filter Include="Assets\Header Files">
      <UniqueIdentifier>{36b0478e-d911-423e-9981-6e2fde47fd9b}</UniqueIdentifier>
    </Filter>
    <Filter Include="Assets\Source Files">
      <UniqueIdentifier>{27d35d67-bf36-419e-a22a-3fa01e2c3cfe}</UniqueIdentifier>
    </Filter>
    <Filter Include="Source Files\Gui">
      <UniqueIdentifier>{4779ba32-237f-4772-a1b4-9aa47d69e4dc}</UniqueIdentifier>
    </Filter>
    <Filter Include="Source Files\GameObjects">
      <UniqueIdentifier>{f122b6fe-c328-4b2e-81e3-892dc74fa93d}</UniqueIdentifier>
    </Filter>
    <Filter Include="Header Files\GameObjects">
      <UniqueIdentifier>{03e159c4-242e-4790-bf81-b12497ad9954}</UniqueIdentifier>
    </Filter>
    <Filter Include="Header Files\GameData">
      <UniqueIdentifier>{9f90479c-e5e5-4076-967d-8bde3db429bb}</UniqueIdentifier>
    </Filter>
    <Filter Include="Header Files\Gui">
      <UniqueIdentifier>{b6862c70-b358-4148-a87a-9281f8d1cb10}</UniqueIdentifier>
    </Filter>
    <Filter Include="Source Files\Txt">
      <UniqueIdentifier>{bf63b532-77b8-448e-8aeb-ca2a01197922}</UniqueIdentifier>
    </Filter>
    <Filter Include="Header Files\Icons">
      <UniqueIdentifier>{dd2b3d52-cf91-49e0-ab72-74e04ae139f0}</UniqueIdentifier>
    </Filter>
    <Filter Include="Source Files\FileManager">
      <UniqueIdentifier>{76f1b2af-0c4a-4bcb-8137-219832ae8dd1}</UniqueIdentifier>
    </Filter>
    <Filter Include="Header Files\FileManager">
      <UniqueIdentifier>{840807b1-d0b2-44c9-bba6-534f8e1c4df4}</UniqueIdentifier>
    </Filter>
    <Filter Include="Header Files\Math">
      <UniqueIdentifier>{d31205b2-4bc7-4351-ba6f-2ac5be341a1c}</UniqueIdentifier>
    </Filter>
    <Filter Include="Header Files\Gui\PropertyEditor">
      <UniqueIdentifier>{bec7c8fe-ceca-49e3-b13a-aa5344e6b84d}</UniqueIdentifier>
    </Filter>
    <Filter Include="Header Files\Gui\RealTimeEditor">
      <UniqueIdentifier>{3f62db61-60b5-4522-b05d-97c0c24371c7}</UniqueIdentifier>
    </Filter>
    <Filter Include="Source Files\Gui\PropertyEditor">
      <UniqueIdentifier>{710906fc-6d51-4318-8e65-20df724a9fd0}</UniqueIdentifier>
    </Filter>
    <Filter Include="Source Files\Gui\RealTimeEditor">
      <UniqueIdentifier>{6f1c24a2-c717-4913-8e33-350af3b28a69}</UniqueIdentifier>
    </Filter>
    <Filter Include="Source Files\Animation">
      <UniqueIdentifier>{ae6da386-7bd5-4e8d-ba53-925e410132d9}</UniqueIdentifier>
    </Filter>
    <Filter Include="Header Files\Animation">
      <UniqueIdentifier>{543f62af-fe12-4efd-b6a9-43652e090c11}</UniqueIdentifier>
    </Filter>
    <Filter Include="Source Files\Gui\PropertyEditor\Animation">
      <UniqueIdentifier>{a026335f-c43b-4aa4-b53d-ac059e9ac17a}</UniqueIdentifier>
    </Filter>
    <Filter Include="Header Files\Gui\PropertyEditor\Animation">
      <UniqueIdentifier>{3d6ca92b-f634-463a-8454-83f476751434}</UniqueIdentifier>
    </Filter>
  </ItemGroup>
  <ItemGroup>
    <ClCompile Include="SpriteEngine.cpp">
      <Filter>Source Files</Filter>
    </ClCompile>
    <ClCompile Include="imgui\imgui.cpp">
      <Filter>ImGui\Source Files</Filter>
    </ClCompile>
    <ClCompile Include="imgui\imgui_draw.cpp">
      <Filter>ImGui\Source Files</Filter>
    </ClCompile>
    <ClCompile Include="imgui\imgui_tables.cpp">
      <Filter>ImGui\Source Files</Filter>
    </ClCompile>
    <ClCompile Include="imgui\imgui_widgets.cpp">
      <Filter>ImGui\Source Files</Filter>
    </ClCompile>
    <ClCompile Include="imgui\imgui-SFML.cpp">
      <Filter>ImGui\Source Files</Filter>
    </ClCompile>
    <ClCompile Include="src\GameData\gameEngine.cpp">
      <Filter>Source Files\GameData</Filter>
    </ClCompile>
    <ClCompile Include="src\math\vector2.cpp">
      <Filter>Source Files\GameData</Filter>
    </ClCompile>
    <ClCompile Include="src\gameData\time.cpp">
      <Filter>Source Files\GameData</Filter>
    </ClCompile>
    <ClCompile Include="src\gameObjects\sprite.cpp">
      <Filter>Source Files\GameObjects</Filter>
    </ClCompile>
    <ClCompile Include="src\fileManager\fileData.cpp">
      <Filter>Source Files\FileManager</Filter>
    </ClCompile>
    <ClCompile Include="src\fileManager\saveSystem.cpp">
      <Filter>Source Files\FileManager</Filter>
    </ClCompile>
    <ClCompile Include="src\gameObjects\transform.cpp">
      <Filter>Source Files\GameObjects</Filter>
    </ClCompile>
    <ClCompile Include="src\gameData\spriteData.cpp">
      <Filter>Source Files\GameData</Filter>
    </ClCompile>
    <ClCompile Include="src\gameData\input.cpp">
      <Filter>Source Files\GameData</Filter>
    </ClCompile>
    <ClCompile Include="src\gameObjects\line.cpp">
      <Filter>Source Files\GameObjects</Filter>
    </ClCompile>
    <ClCompile Include="src\gameObjects\gameObject.cpp">
      <Filter>Source Files\GameObjects</Filter>
    </ClCompile>
    <ClCompile Include="src\math\vector3.cpp">
      <Filter>Source Files\GameData</Filter>
    </ClCompile>
    <ClCompile Include="src\gameObjects\boxCollider.cpp">
      <Filter>Source Files\GameObjects</Filter>
    </ClCompile>
    <ClCompile Include="src\gui\propertyEditor\UIAssetFolder.cpp">
      <Filter>Source Files\Gui\PropertyEditor</Filter>
    </ClCompile>
    <ClCompile Include="src\gui\propertyEditor\UIHirachy.cpp">
      <Filter>Source Files\Gui\PropertyEditor</Filter>
    </ClCompile>
    <ClCompile Include="src\gui\propertyEditor\UIInspector.cpp">
      <Filter>Source Files\Gui\PropertyEditor</Filter>
    </ClCompile>
    <ClCompile Include="src\gui\propertyEditor\UIToolButtons.cpp">
      <Filter>Source Files\Gui\PropertyEditor</Filter>
    </ClCompile>
    <ClCompile Include="src\gui\propertyEditor\UIWindow.cpp">
      <Filter>Source Files\Gui\PropertyEditor</Filter>
    </ClCompile>
    <ClCompile Include="src\gui\realTimeEditor\UIRealTimeEditor.cpp">
      <Filter>Source Files\Gui\RealTimeEditor</Filter>
    </ClCompile>
    <ClCompile Include="src\gui\realTimeEditor\camera.cpp">
      <Filter>Source Files\Gui\RealTimeEditor</Filter>
    </ClCompile>
    <ClCompile Include="src\gameObjects\physicsBody.cpp">
      <Filter>Source Files\GameObjects</Filter>
    </ClCompile>
    <ClCompile Include="src\gui\propertyEditor\UIInspectorBoxCollider.cpp">
      <Filter>Source Files\Gui\PropertyEditor</Filter>
    </ClCompile>
    <ClCompile Include="src\animation\animation.cpp">
      <Filter>Source Files\Animation</Filter>
    </ClCompile>
    <ClCompile Include="src\animation\animator.cpp">
      <Filter>Source Files\Animation</Filter>
    </ClCompile>
    <ClCompile Include="src\gui\UIInfo.cpp">
      <Filter>Source Files\Gui\PropertyEditor</Filter>
    </ClCompile>
    <ClCompile Include="src\gameObjects\childSystem.cpp">
      <Filter>Source Files\GameObjects</Filter>
    </ClCompile>
    <ClCompile Include="src\gameData\event.cpp">
      <Filter>Source Files\GameData</Filter>
    </ClCompile>
    <ClCompile Include="src\gameData\fontManager.cpp">
      <Filter>Source Files</Filter>
    </ClCompile>
    <ClCompile Include="src\gui\propertyEditor\UIAnimation.cpp">
      <Filter>Source Files\Gui\PropertyEditor\Animation</Filter>
    </ClCompile>
    <ClCompile Include="src\gui\propertyEditor\UIAnimationEditor.cpp">
      <Filter>Source Files\Gui\PropertyEditor\Animation</Filter>
    </ClCompile>
    <ClCompile Include="src\gui\propertyEditor\UIAnimationKeyFrameEditor.cpp">
      <Filter>Source Files\Gui\PropertyEditor\Animation</Filter>
    </ClCompile>
  </ItemGroup>
  <ItemGroup>
    <ClInclude Include="imgui\imconfig.h">
      <Filter>ImGui\Header Files</Filter>
    </ClInclude>
    <ClInclude Include="imgui\imconfig-SFML.h">
      <Filter>ImGui\Header Files</Filter>
    </ClInclude>
    <ClInclude Include="imgui\imgui.h">
      <Filter>ImGui\Header Files</Filter>
    </ClInclude>
    <ClInclude Include="imgui\imgui_internal.h">
      <Filter>ImGui\Header Files</Filter>
    </ClInclude>
    <ClInclude Include="imgui\imgui-SFML.h">
      <Filter>ImGui\Header Files</Filter>
    </ClInclude>
    <ClInclude Include="imgui\imgui-SFML_export.h">
      <Filter>ImGui\Header Files</Filter>
    </ClInclude>
    <ClInclude Include="imgui\imstb_truetype.h">
      <Filter>ImGui\Header Files</Filter>
    </ClInclude>
    <ClInclude Include="imgui\imstb_rectpack.h">
      <Filter>ImGui\Header Files</Filter>
    </ClInclude>
    <ClInclude Include="imgui\imstb_textedit.h">
      <Filter>ImGui\Header Files</Filter>
    </ClInclude>
    <ClInclude Include="src\preCompiledHeaders\SpriteEngine.h">
      <Filter>Header Files\Precompiled</Filter>
    </ClInclude>
    <ClInclude Include="src\preCompiledHeaders\ImGui.h">
      <Filter>Header Files\Precompiled</Filter>
    </ClInclude>
    <ClInclude Include="src\gameObjects\sprite.h">
      <Filter>Header Files\GameObjects</Filter>
    </ClInclude>
    <ClInclude Include="src\GameData\gameEngine.h">
      <Filter>Header Files\GameData</Filter>
    </ClInclude>
    <ClInclude Include="src\gameData\stime.h">
      <Filter>Header Files\GameData</Filter>
    </ClInclude>
    <ClInclude Include="src\gui\icons.h">
      <Filter>Header Files\Icons</Filter>
    </ClInclude>
    <ClInclude Include="src\gui\iconcpp.h">
      <Filter>Header Files\Icons</Filter>
    </ClInclude>
    <ClInclude Include="src\fileManager\fileData.h">
      <Filter>Header Files\FileManager</Filter>
    </ClInclude>
    <ClInclude Include="src\fileManager\saveSystem.h">
      <Filter>Header Files\FileManager</Filter>
    </ClInclude>
    <ClInclude Include="src\gameObjects\stransform.h">
      <Filter>Header Files\GameObjects</Filter>
    </ClInclude>
    <ClInclude Include="src\gameData\spriteData.h">
      <Filter>Header Files\GameData</Filter>
    </ClInclude>
    <ClInclude Include="src\gameData\input.h">
      <Filter>Header Files\GameData</Filter>
    </ClInclude>
    <ClInclude Include="src\gameObjects\line.h">
      <Filter>Header Files\GameObjects</Filter>
    </ClInclude>
    <ClInclude Include="src\gameObjects\gameObject.h">
      <Filter>Header Files\GameObjects</Filter>
    </ClInclude>
    <ClInclude Include="src\gameObjects\boxCollider.h">
      <Filter>Header Files\GameObjects</Filter>
    </ClInclude>
    <ClInclude Include="src\math\vector2.h">
      <Filter>Header Files\Math</Filter>
    </ClInclude>
    <ClInclude Include="src\math\vector3.h">
      <Filter>Header Files\Math</Filter>
    </ClInclude>
    <ClInclude Include="src\gui\propertyEditor\UIAssetFolder.h">
      <Filter>Header Files\Gui\PropertyEditor</Filter>
    </ClInclude>
    <ClInclude Include="src\gui\propertyEditor\UIInspector.h">
      <Filter>Header Files\Gui\PropertyEditor</Filter>
    </ClInclude>
    <ClInclude Include="src\gui\propertyEditor\UIHirachy.h">
      <Filter>Header Files\Gui\PropertyEditor</Filter>
    </ClInclude>
    <ClInclude Include="src\gui\propertyEditor\UIToolButtons.h">
      <Filter>Header Files\Gui\PropertyEditor</Filter>
    </ClInclude>
    <ClInclude Include="src\gui\propertyEditor\UIWindow.h">
      <Filter>Header Files\Gui\PropertyEditor</Filter>
    </ClInclude>
    <ClInclude Include="src\gui\realTimeEditor\UIRealTimeEditor.h">
      <Filter>Header Files\Gui\RealTimeEditor</Filter>
    </ClInclude>
    <ClInclude Include="src\gui\realTimeEditor\camera.h">
      <Filter>Header Files\Gui\RealTimeEditor</Filter>
    </ClInclude>
    <ClInclude Include="src\gameObjects\physicsBody.h">
      <Filter>Header Files\GameObjects</Filter>
    </ClInclude>
    <ClInclude Include="src\gui\propertyEditor\UIInspectorBoxCollider.h">
      <Filter>Header Files\Gui\PropertyEditor</Filter>
    </ClInclude>
    <ClInclude Include="src\animation\animation.h">
      <Filter>Header Files\Animation</Filter>
    </ClInclude>
    <ClInclude Include="src\gui\UIInfo.h">
      <Filter>Header Files\Gui\PropertyEditor</Filter>
    </ClInclude>
    <ClInclude Include="src\animation\animator.h">
      <Filter>Header Files\Animation</Filter>
    </ClInclude>
    <ClInclude Include="src\gameObjects\childSystem.h">
      <Filter>Header Files\GameObjects</Filter>
    </ClInclude>
    <ClInclude Include="src\gameData\event.h">
      <Filter>Header Files\GameData</Filter>
    </ClInclude>
    <ClInclude Include="src\gameData\keyBoard.h">
      <Filter>Header Files\GameData</Filter>
    </ClInclude>
    <ClInclude Include="src\gameData\fontManager.h">
      <Filter>Header Files</Filter>
    </ClInclude>
    <ClInclude Include="src\gui\propertyEditor\UIAnimation.h">
      <Filter>Header Files\Gui\PropertyEditor\Animation</Filter>
    </ClInclude>
    <ClInclude Include="src\gui\propertyEditor\UIAnimationEditor.h">
      <Filter>Header Files\Gui\PropertyEditor\Animation</Filter>
    </ClInclude>
    <ClInclude Include="src\gui\propertyEditor\UIAnimationKeyFrameEditor.h">
      <Filter>Header Files\Gui\PropertyEditor\Animation</Filter>
    </ClInclude>
  </ItemGroup>
  <ItemGroup>
    <Text Include="src\textFiles\imguibasics.txt">
      <Filter>Source Files\Txt</Filter>
    </Text>
    <Text Include="src\textFiles\plan.txt">
      <Filter>Source Files\Txt</Filter>
    </Text>
    <Text Include="src\textFiles\wichtigecppsachen.txt">
      <Filter>Source Files\Txt</Filter>
    </Text>
    <Text Include="addingNewSpriteProp.txt">
      <Filter>Source Files\Txt</Filter>
    </Text>
  </ItemGroup>
</Project>