<?xml version="1.0" encoding="utf-8"?>
<Project ToolsVersion="4.0" xmlns="http://schemas.microsoft.com/developer/msbuild/2003">
  <ItemGroup>
    <Filter Include="Source Files">
      <UniqueIdentifier>{4FC737F1-C7A5-4376-A066-2A32D752A2FF}</UniqueIdentifier>
      <Extensions>cpp;c;cc;cxx;c++;cppm;ixx;def;odl;idl;hpj;bat;asm;asmx</Extensions>
    </Filter>
    <Filter Include="Header Files">
      <UniqueIdentifier>{93995380-89BD-4b04-88EB-625FBE52EBFB}</UniqueIdentifier>
      <Extensions>h;hh;hpp;hxx;h++;hm;inl;inc;ipp;xsd</Extensions>
    </Filter>
    <Filter Include="Engine">
      <UniqueIdentifier>{29ef2950-b607-4ac5-b892-7ba79c363815}</UniqueIdentifier>
    </Filter>
    <Filter Include="Engine\Source Files">
      <UniqueIdentifier>{356f5700-9d73-4e96-912c-78fa6a545a4a}</UniqueIdentifier>
    </Filter>
    <Filter Include="Engine\Source Files\GameData">
      <UniqueIdentifier>{1f766a0f-b463-4299-b71b-cfc190303982}</UniqueIdentifier>
    </Filter>
    <Filter Include="Engine\Source Files\GameObject">
      <UniqueIdentifier>{883fe578-1ca0-48b3-ba6c-3082eb5a4edc}</UniqueIdentifier>
    </Filter>
    <Filter Include="Engine\Header">
      <UniqueIdentifier>{70d61040-fc7c-4839-864c-5ed48df91894}</UniqueIdentifier>
    </Filter>
    <Filter Include="Engine\Header\GameData">
      <UniqueIdentifier>{1a0781a3-f45a-4c26-9370-a0749d1d9b94}</UniqueIdentifier>
    </Filter>
    <Filter Include="Engine\Header\GamObject">
      <UniqueIdentifier>{e1df2ff7-3366-4457-9d7c-c5932e2ab77b}</UniqueIdentifier>
    </Filter>
    <Filter Include="Engine\Source Files\Files">
      <UniqueIdentifier>{2ae99b01-b7a0-4f97-bd67-a16c3fd5c31b}</UniqueIdentifier>
    </Filter>
    <Filter Include="Engine\Header\Files">
      <UniqueIdentifier>{7e4218ed-ed27-42ce-8552-d8b4359f0a26}</UniqueIdentifier>
    </Filter>
    <Filter Include="Engine\Source Files\Math">
      <UniqueIdentifier>{3b5957b9-7974-461d-ac58-9ee5528150cc}</UniqueIdentifier>
    </Filter>
    <Filter Include="Engine\Header\Math">
      <UniqueIdentifier>{200cabea-00b1-4476-87fa-3dda68e1f390}</UniqueIdentifier>
    </Filter>
    <Filter Include="DResources">
      <UniqueIdentifier>{48ca7a89-d0df-419f-803e-c51c0f4b8dac}</UniqueIdentifier>
    </Filter>
    <Filter Include="DResources\SFML">
      <UniqueIdentifier>{52e0bfb6-0af9-4241-bfb2-e2e8c85df5bd}</UniqueIdentifier>
    </Filter>
    <Filter Include="Engine\Source Files\Physics">
      <UniqueIdentifier>{c98ac94b-baa9-4d0b-b632-8a49d8a7bf5d}</UniqueIdentifier>
    </Filter>
    <Filter Include="Engine\Header\Physics">
      <UniqueIdentifier>{efa18b19-1cea-457b-80e8-9e8579f4b643}</UniqueIdentifier>
    </Filter>
  </ItemGroup>
  <ItemGroup>
    <ClCompile Include="src\engine\src\GameData\game.cpp">
      <Filter>Engine\Source Files\GameData</Filter>
    </ClCompile>
    <ClCompile Include="src\engine\src\GameData\gameData.cpp">
      <Filter>Engine\Source Files\GameData</Filter>
    </ClCompile>
    <ClCompile Include="assets\Scripts\Testing.cpp">
      <Filter>Source Files</Filter>
    </ClCompile>
    <ClCompile Include="src\engine\src\GameObject\sprite.cpp">
      <Filter>Engine\Source Files\GameObject</Filter>
    </ClCompile>
    <ClCompile Include="src\engine\src\GameObject\gameObject.cpp">
      <Filter>Engine\Source Files\GameObject</Filter>
    </ClCompile>
    <ClCompile Include="src\engine\src\GameObject\stransform.cpp">
      <Filter>Engine\Source Files\GameObject</Filter>
    </ClCompile>
    <ClCompile Include="src\engine\src\GameObject\spriteData.cpp">
      <Filter>Engine\Source Files\GameObject</Filter>
    </ClCompile>
    <ClCompile Include="src\engine\src\GameData\input.cpp">
      <Filter>Engine\Source Files\GameData</Filter>
    </ClCompile>
    <ClCompile Include="src\engine\src\GameData\sTime.cpp">
      <Filter>Engine\Source Files\GameData</Filter>
    </ClCompile>
    <ClCompile Include="src\engine\src\FileData\FileData.cpp">
      <Filter>Engine\Source Files\Files</Filter>
    </ClCompile>
    <ClCompile Include="src\engine\src\GameObject\boxCollider.cpp">
      <Filter>Engine\Source Files\GameObject</Filter>
    </ClCompile>
    <ClCompile Include="src\engine\src\GameObject\boxColliderPositionData.cpp">
      <Filter>Engine\Source Files\GameObject</Filter>
    </ClCompile>
    <ClCompile Include="src\engine\src\math\vector3.cpp">
      <Filter>Engine\Source Files\Math</Filter>
    </ClCompile>
    <ClCompile Include="src\engine\src\math\vector2.cpp">
      <Filter>Engine\Source Files\Math</Filter>
    </ClCompile>
    <ClCompile Include="main.cpp">
      <Filter>Source Files</Filter>
    </ClCompile>
    <ClCompile Include="src\engine\src\gameData\camera.cpp">
      <Filter>Engine\Source Files\GameData</Filter>
    </ClCompile>
    <ClCompile Include="src\engine\src\gameObject\physicsBody.cpp">
      <Filter>Engine\Source Files\GameObject</Filter>
    </ClCompile>
    <ClCompile Include="src\engine\src\physics\physics.cpp">
      <Filter>Engine\Source Files\Physics</Filter>
    </ClCompile>
    <ClCompile Include="src\engine\src\gameObject\childSystem.cpp">
      <Filter>Engine\Source Files\GameObject</Filter>
    </ClCompile>
    <ClCompile Include="src\engine\src\gameData\event.cpp">
      <Filter>Engine\Source Files\GameData</Filter>
    </ClCompile>
  </ItemGroup>
  <ItemGroup>
    <ClInclude Include="src\libraries\include\SFML\Audio\AlResource.hpp">
      <Filter>DResources\SFML</Filter>
    </ClInclude>
    <ClInclude Include="src\libraries\include\SFML\Audio.hpp">
      <Filter>DResources\SFML</Filter>
    </ClInclude>
    <ClInclude Include="src\libraries\include\SFML\Window\Clipboard.hpp">
      <Filter>DResources\SFML</Filter>
    </ClInclude>
    <ClInclude Include="src\libraries\include\SFML\Graphics\CircleShape.hpp">
      <Filter>DResources\SFML</Filter>
    </ClInclude>
    <ClInclude Include="src\libraries\include\SFML\Graphics\BlendMode.hpp">
      <Filter>DResources\SFML</Filter>
    </ClInclude>
    <ClInclude Include="src\libraries\include\SFML\System\Clock.hpp">
      <Filter>DResources\SFML</Filter>
    </ClInclude>
    <ClInclude Include="src\libraries\include\SFML\Config.hpp">
      <Filter>DResources\SFML</Filter>
    </ClInclude>
    <ClInclude Include="src\libraries\include\SFML\Window\Context.hpp">
      <Filter>DResources\SFML</Filter>
    </ClInclude>
    <ClInclude Include="src\libraries\include\SFML\Graphics\Color.hpp">
      <Filter>DResources\SFML</Filter>
    </ClInclude>
    <ClInclude Include="src\libraries\include\SFML\Graphics\ConvexShape.hpp">
      <Filter>DResources\SFML</Filter>
    </ClInclude>
    <ClInclude Include="src\libraries\include\SFML\Window\Cursor.hpp">
      <Filter>DResources\SFML</Filter>
    </ClInclude>
    <ClInclude Include="src\libraries\include\SFML\Window\ContextSettings.hpp">
      <Filter>DResources\SFML</Filter>
    </ClInclude>
    <ClInclude Include="src\libraries\include\SFML\Graphics\Drawable.hpp">
      <Filter>DResources\SFML</Filter>
    </ClInclude>
    <ClInclude Include="src\libraries\include\SFML\System\Err.hpp">
      <Filter>DResources\SFML</Filter>
    </ClInclude>
    <ClInclude Include="src\libraries\include\SFML\Window\Event.hpp">
      <Filter>DResources\SFML</Filter>
    </ClInclude>
    <ClInclude Include="src\libraries\include\SFML\Window\Export.hpp">
      <Filter>DResources\SFML</Filter>
    </ClInclude>
    <ClInclude Include="src\libraries\include\SFML\System\Export.hpp">
      <Filter>DResources\SFML</Filter>
    </ClInclude>
    <ClInclude Include="src\libraries\include\SFML\Audio\Export.hpp">
      <Filter>DResources\SFML</Filter>
    </ClInclude>
    <ClInclude Include="src\libraries\include\SFML\Network\Export.hpp">
      <Filter>DResources\SFML</Filter>
    </ClInclude>
    <ClInclude Include="src\libraries\include\SFML\System\FileInputStream.hpp">
      <Filter>DResources\SFML</Filter>
    </ClInclude>
    <ClInclude Include="src\libraries\include\SFML\Graphics\Export.hpp">
      <Filter>DResources\SFML</Filter>
    </ClInclude>
    <ClInclude Include="src\libraries\include\SFML\Graphics\Font.hpp">
      <Filter>DResources\SFML</Filter>
    </ClInclude>
    <ClInclude Include="src\libraries\include\SFML\Network\Ftp.hpp">
      <Filter>DResources\SFML</Filter>
    </ClInclude>
    <ClInclude Include="src\libraries\include\SFML\Window\GlResource.hpp">
      <Filter>DResources\SFML</Filter>
    </ClInclude>
    <ClInclude Include="src\libraries\include\SFML\Graphics\Glsl.hpp">
      <Filter>DResources\SFML</Filter>
    </ClInclude>
    <ClInclude Include="src\libraries\include\SFML\Graphics\Glyph.hpp">
      <Filter>DResources\SFML</Filter>
    </ClInclude>
    <ClInclude Include="src\libraries\include\SFML\GpuPreference.hpp">
      <Filter>DResources\SFML</Filter>
    </ClInclude>
    <ClInclude Include="src\libraries\include\SFML\Graphics.hpp">
      <Filter>DResources\SFML</Filter>
    </ClInclude>
    <ClInclude Include="src\libraries\include\SFML\Network\Http.hpp">
      <Filter>DResources\SFML</Filter>
    </ClInclude>
    <ClInclude Include="src\libraries\include\SFML\Graphics\Image.hpp">
      <Filter>DResources\SFML</Filter>
    </ClInclude>
    <ClInclude Include="src\libraries\include\SFML\Audio\InputSoundFile.hpp">
      <Filter>DResources\SFML</Filter>
    </ClInclude>
    <ClInclude Include="src\libraries\include\SFML\System\InputStream.hpp">
      <Filter>DResources\SFML</Filter>
    </ClInclude>
    <ClInclude Include="src\libraries\include\SFML\Network\IpAddress.hpp">
      <Filter>DResources\SFML</Filter>
    </ClInclude>
    <ClInclude Include="src\libraries\include\SFML\Window\Joystick.hpp">
      <Filter>DResources\SFML</Filter>
    </ClInclude>
    <ClInclude Include="src\libraries\include\SFML\Window\Keyboard.hpp">
      <Filter>DResources\SFML</Filter>
    </ClInclude>
    <ClInclude Include="src\libraries\include\SFML\Audio\Listener.hpp">
      <Filter>DResources\SFML</Filter>
    </ClInclude>
    <ClInclude Include="src\libraries\include\SFML\System\Lock.hpp">
      <Filter>DResources\SFML</Filter>
    </ClInclude>
    <ClInclude Include="src\libraries\include\SFML\Main.hpp">
      <Filter>DResources\SFML</Filter>
    </ClInclude>
    <ClInclude Include="src\libraries\include\SFML\System\MemoryInputStream.hpp">
      <Filter>DResources\SFML</Filter>
    </ClInclude>
    <ClInclude Include="src\libraries\include\SFML\Window\Mouse.hpp">
      <Filter>DResources\SFML</Filter>
    </ClInclude>
    <ClInclude Include="src\libraries\include\SFML\Audio\Music.hpp">
      <Filter>DResources\SFML</Filter>
    </ClInclude>
    <ClInclude Include="src\libraries\include\SFML\System\Mutex.hpp">
      <Filter>DResources\SFML</Filter>
    </ClInclude>
    <ClInclude Include="src\libraries\include\SFML\Network.hpp">
      <Filter>DResources\SFML</Filter>
    </ClInclude>
    <ClInclude Include="src\libraries\include\SFML\System\NativeActivity.hpp">
      <Filter>DResources\SFML</Filter>
    </ClInclude>
    <ClInclude Include="src\libraries\include\SFML\System\NonCopyable.hpp">
      <Filter>DResources\SFML</Filter>
    </ClInclude>
    <ClInclude Include="src\libraries\include\SFML\Audio\OutputSoundFile.hpp">
      <Filter>DResources\SFML</Filter>
    </ClInclude>
    <ClInclude Include="src\libraries\include\SFML\OpenGL.hpp">
      <Filter>DResources\SFML</Filter>
    </ClInclude>
    <ClInclude Include="src\libraries\include\SFML\Network\Packet.hpp">
      <Filter>DResources\SFML</Filter>
    </ClInclude>
    <ClInclude Include="src\libraries\include\SFML\Graphics\PrimitiveType.hpp">
      <Filter>DResources\SFML</Filter>
    </ClInclude>
    <ClInclude Include="src\libraries\include\SFML\Graphics\Rect.hpp">
      <Filter>DResources\SFML</Filter>
    </ClInclude>
    <ClInclude Include="src\libraries\include\SFML\Graphics\RectangleShape.hpp">
      <Filter>DResources\SFML</Filter>
    </ClInclude>
    <ClInclude Include="src\libraries\include\SFML\Graphics\RenderStates.hpp">
      <Filter>DResources\SFML</Filter>
    </ClInclude>
    <ClInclude Include="src\libraries\include\SFML\Graphics\RenderTarget.hpp">
      <Filter>DResources\SFML</Filter>
    </ClInclude>
    <ClInclude Include="src\libraries\include\SFML\Graphics\RenderTexture.hpp">
      <Filter>DResources\SFML</Filter>
    </ClInclude>
    <ClInclude Include="src\libraries\include\SFML\Graphics\RenderWindow.hpp">
      <Filter>DResources\SFML</Filter>
    </ClInclude>
    <ClInclude Include="src\libraries\include\SFML\Window\WindowHandle.hpp">
      <Filter>DResources\SFML</Filter>
    </ClInclude>
    <ClInclude Include="src\libraries\include\SFML\Window\Window.hpp">
      <Filter>DResources\SFML</Filter>
    </ClInclude>
    <ClInclude Include="src\libraries\include\SFML\Window\WindowStyle.hpp">
      <Filter>DResources\SFML</Filter>
    </ClInclude>
    <ClInclude Include="src\libraries\include\SFML\Window.hpp">
      <Filter>DResources\SFML</Filter>
    </ClInclude>
    <ClInclude Include="src\libraries\include\SFML\Graphics\View.hpp">
      <Filter>DResources\SFML</Filter>
    </ClInclude>
    <ClInclude Include="src\libraries\include\SFML\Window\VideoMode.hpp">
      <Filter>DResources\SFML</Filter>
    </ClInclude>
    <ClInclude Include="src\libraries\include\SFML\Graphics\VertexBuffer.hpp">
      <Filter>DResources\SFML</Filter>
    </ClInclude>
    <ClInclude Include="src\libraries\include\SFML\Graphics\VertexArray.hpp">
      <Filter>DResources\SFML</Filter>
    </ClInclude>
    <ClInclude Include="src\libraries\include\SFML\Graphics\Vertex.hpp">
      <Filter>DResources\SFML</Filter>
    </ClInclude>
    <ClInclude Include="src\libraries\include\SFML\System\Vector3.hpp">
      <Filter>DResources\SFML</Filter>
    </ClInclude>
    <ClInclude Include="src\libraries\include\SFML\System\Vector2.hpp">
      <Filter>DResources\SFML</Filter>
    </ClInclude>
    <ClInclude Include="src\libraries\include\SFML\System\Utf.hpp">
      <Filter>DResources\SFML</Filter>
    </ClInclude>
    <ClInclude Include="src\libraries\include\SFML\Network\UdpSocket.hpp">
      <Filter>DResources\SFML</Filter>
    </ClInclude>
    <ClInclude Include="src\libraries\include\SFML\Graphics\Transform.hpp">
      <Filter>DResources\SFML</Filter>
    </ClInclude>
    <ClInclude Include="src\libraries\include\SFML\Graphics\Transformable.hpp">
      <Filter>DResources\SFML</Filter>
    </ClInclude>
    <ClInclude Include="src\libraries\include\SFML\Window\Touch.hpp">
      <Filter>DResources\SFML</Filter>
    </ClInclude>
    <ClInclude Include="src\libraries\include\SFML\System\Time.hpp">
      <Filter>DResources\SFML</Filter>
    </ClInclude>
    <ClInclude Include="src\libraries\include\SFML\System\ThreadLocalPtr.hpp">
      <Filter>DResources\SFML</Filter>
    </ClInclude>
    <ClInclude Include="src\libraries\include\SFML\System\ThreadLocal.hpp">
      <Filter>DResources\SFML</Filter>
    </ClInclude>
    <ClInclude Include="src\libraries\include\SFML\System\Thread.hpp">
      <Filter>DResources\SFML</Filter>
    </ClInclude>
    <ClInclude Include="src\libraries\include\SFML\Graphics\Texture.hpp">
      <Filter>DResources\SFML</Filter>
    </ClInclude>
    <ClInclude Include="src\libraries\include\SFML\Graphics\Text.hpp">
      <Filter>DResources\SFML</Filter>
    </ClInclude>
    <ClInclude Include="src\libraries\include\SFML\Network\TcpSocket.hpp">
      <Filter>DResources\SFML</Filter>
    </ClInclude>
    <ClInclude Include="src\libraries\include\SFML\Network\TcpListener.hpp">
      <Filter>DResources\SFML</Filter>
    </ClInclude>
    <ClInclude Include="src\libraries\include\SFML\System.hpp">
      <Filter>DResources\SFML</Filter>
    </ClInclude>
    <ClInclude Include="src\libraries\include\SFML\System\String.hpp">
      <Filter>DResources\SFML</Filter>
    </ClInclude>
    <ClInclude Include="src\libraries\include\SFML\Graphics\Sprite.hpp">
      <Filter>DResources\SFML</Filter>
    </ClInclude>
    <ClInclude Include="src\libraries\include\SFML\Audio\SoundFileWriter.hpp">
      <Filter>DResources\SFML</Filter>
    </ClInclude>
    <ClInclude Include="src\libraries\include\SFML\Audio\SoundRecorder.hpp">
      <Filter>DResources\SFML</Filter>
    </ClInclude>
    <ClInclude Include="src\libraries\include\SFML\Audio\SoundStream.hpp">
      <Filter>DResources\SFML</Filter>
    </ClInclude>
    <ClInclude Include="src\libraries\include\SFML\Audio\SoundSource.hpp">
      <Filter>DResources\SFML</Filter>
    </ClInclude>
    <ClInclude Include="src\libraries\include\SFML\Audio\SoundFileReader.hpp">
      <Filter>DResources\SFML</Filter>
    </ClInclude>
    <ClInclude Include="src\libraries\include\SFML\Audio\SoundFileFactory.hpp">
      <Filter>DResources\SFML</Filter>
    </ClInclude>
    <ClInclude Include="src\libraries\include\SFML\Audio\SoundBuffer.hpp">
      <Filter>DResources\SFML</Filter>
    </ClInclude>
    <ClInclude Include="src\libraries\include\SFML\Audio\SoundBufferRecorder.hpp">
      <Filter>DResources\SFML</Filter>
    </ClInclude>
    <ClInclude Include="src\libraries\include\SFML\Audio\Sound.hpp">
      <Filter>DResources\SFML</Filter>
    </ClInclude>
    <ClInclude Include="src\libraries\include\SFML\Network\SocketHandle.hpp">
      <Filter>DResources\SFML</Filter>
    </ClInclude>
    <ClInclude Include="src\libraries\include\SFML\Network\SocketSelector.hpp">
      <Filter>DResources\SFML</Filter>
    </ClInclude>
    <ClInclude Include="src\libraries\include\SFML\Network\Socket.hpp">
      <Filter>DResources\SFML</Filter>
    </ClInclude>
    <ClInclude Include="src\libraries\include\SFML\System\Sleep.hpp">
      <Filter>DResources\SFML</Filter>
    </ClInclude>
    <ClInclude Include="src\libraries\include\SFML\Graphics\Shape.hpp">
      <Filter>DResources\SFML</Filter>
    </ClInclude>
    <ClInclude Include="src\libraries\include\SFML\Graphics\Shader.hpp">
      <Filter>DResources\SFML</Filter>
    </ClInclude>
    <ClInclude Include="src\libraries\include\SFML\Window\Sensor.hpp">
      <Filter>DResources\SFML</Filter>
    </ClInclude>
    <ClInclude Include="src\engine\src\GameData\game.h">
      <Filter>Engine\Header\GameData</Filter>
    </ClInclude>
    <ClInclude Include="src\engine\src\GameData\gameData.h">
      <Filter>Engine\Header\GameData</Filter>
    </ClInclude>
    <ClInclude Include="assets\Scripts\Testing.h">
      <Filter>Header Files</Filter>
    </ClInclude>
    <ClInclude Include="src\engine\src\GameData\SpriteEngine.h">
      <Filter>Header Files</Filter>
    </ClInclude>
    <ClInclude Include="src\engine\src\GameObject\sprite.h">
      <Filter>Engine\Header\GamObject</Filter>
    </ClInclude>
    <ClInclude Include="src\engine\src\GameObject\gameObject.h">
      <Filter>Engine\Header\GamObject</Filter>
    </ClInclude>
    <ClInclude Include="src\engine\src\GameObject\stransform.h">
      <Filter>Engine\Header\GamObject</Filter>
    </ClInclude>
    <ClInclude Include="src\engine\src\GameObject\spriteData.h">
      <Filter>Engine\Header\GamObject</Filter>
    </ClInclude>
    <ClInclude Include="src\engine\src\GameData\input.h">
      <Filter>Engine\Header\GameData</Filter>
    </ClInclude>
    <ClInclude Include="src\engine\src\GameData\sTime.h">
      <Filter>Engine\Header\GameData</Filter>
    </ClInclude>
    <ClInclude Include="src\engine\src\FileData\FileData.h">
      <Filter>Engine\Header\Files</Filter>
    </ClInclude>
    <ClInclude Include="src\engine\src\GameObject\boxCollider.h">
      <Filter>Engine\Header\GamObject</Filter>
    </ClInclude>
    <ClInclude Include="src\engine\src\GameObject\boxColliderPositionData.h">
      <Filter>Engine\Header\GamObject</Filter>
    </ClInclude>
    <ClInclude Include="src\engine\src\math\vector2.h">
      <Filter>Engine\Header\Math</Filter>
    </ClInclude>
    <ClInclude Include="src\engine\src\math\vector3.h">
      <Filter>Engine\Header\Math</Filter>
    </ClInclude>
    <ClInclude Include="src\engine\src\gameData\camera.h">
      <Filter>Engine\Header\GameData</Filter>
    </ClInclude>
    <ClInclude Include="src\engine\src\gameObject\physicsBody.h">
      <Filter>Engine\Header\GamObject</Filter>
    </ClInclude>
    <ClInclude Include="src\engine\src\physics\physics.h">
      <Filter>Engine\Header\Physics</Filter>
    </ClInclude>
    <ClInclude Include="src\engine\src\gameObject\childSystem.h">
      <Filter>Engine\Header\GamObject</Filter>
    </ClInclude>
    <ClInclude Include="src\engine\src\gameData\keyBoard.h">
      <Filter>Engine\Header\GameData</Filter>
    </ClInclude>
    <ClInclude Include="src\engine\src\gameData\event.h">
      <Filter>Engine\Header\GameData</Filter>
    </ClInclude>
  </ItemGroup>
  <ItemGroup>
    <None Include="src\libraries\include\SFML\Graphics\Glsl.inl">
      <Filter>DResources\SFML</Filter>
    </None>
    <None Include="src\libraries\include\SFML\Graphics\Rect.inl">
      <Filter>DResources\SFML</Filter>
    </None>
    <None Include="src\libraries\include\SFML\System\Vector3.inl">
      <Filter>DResources\SFML</Filter>
    </None>
    <None Include="src\libraries\include\SFML\System\Vector2.inl">
      <Filter>DResources\SFML</Filter>
    </None>
    <None Include="src\libraries\include\SFML\System\Utf.inl">
      <Filter>DResources\SFML</Filter>
    </None>
    <None Include="src\libraries\include\SFML\System\ThreadLocalPtr.inl">
      <Filter>DResources\SFML</Filter>
    </None>
    <None Include="src\libraries\include\SFML\System\Thread.inl">
      <Filter>DResources\SFML</Filter>
    </None>
    <None Include="src\libraries\include\SFML\System\String.inl">
      <Filter>DResources\SFML</Filter>
    </None>
    <None Include="src\libraries\include\SFML\Audio\SoundFileFactory.inl">
      <Filter>DResources\SFML</Filter>
    </None>
  </ItemGroup>
</Project>